
Microsoft Visual Studio Solution File, Format Version 12.00
# Visual Studio Version 16
VisualStudioVersion = 16.0.30225.117
MinimumVisualStudioVersion = 10.0.40219.1
Project("{9A19103F-16F7-4668-BE54-9A1E7A4F7556}") = "APIGetDistance", "APIGetDistance\APIGetDistance.csproj", "{C2543DF0-033A-4C48-8878-D532483C63FB}"
EndProject
Project("{9A19103F-16F7-4668-BE54-9A1E7A4F7556}") = "Data", "Data\Data.csproj", "{C581DFB4-F0C2-47AD-9092-7CA7966C8BA5}"
EndProject
Project("{9A19103F-16F7-4668-BE54-9A1E7A4F7556}") = "Infraestructure", "Infraestructure\Infraestructure.csproj", "{CA3A6BF0-1739-4E1D-BA65-A684F414E735}"
EndProject
Project("{9A19103F-16F7-4668-BE54-9A1E7A4F7556}") = "Service", "Service\Service.csproj", "{198A7F31-B809-4061-A026-E110FB34A723}"
EndProject
Project("{2150E333-8FDC-42A3-9474-1A3956D46DE8}") = "WebApp", "WebApp", "{313ACDAD-ABE5-4B54-ACC1-346D1CCF3458}"
EndProject
Project("{9A19103F-16F7-4668-BE54-9A1E7A4F7556}") = "ClientWebApp", "ClientWebApp\ClientWebApp.csproj", "{0DF91980-9F64-4998-B8F5-7FDBC060EA7A}"
EndProject
Global
	GlobalSection(SolutionConfigurationPlatforms) = preSolution
		Debug|Any CPU = Debug|Any CPU
		Release|Any CPU = Release|Any CPU
	EndGlobalSection
	GlobalSection(ProjectConfigurationPlatforms) = postSolution
		{C2543DF0-033A-4C48-8878-D532483C63FB}.Debug|Any CPU.ActiveCfg = Debug|Any CPU
		{C2543DF0-033A-4C48-8878-D532483C63FB}.Debug|Any CPU.Build.0 = Debug|Any CPU
		{C2543DF0-033A-4C48-8878-D532483C63FB}.Release|Any CPU.ActiveCfg = Release|Any CPU
		{C2543DF0-033A-4C48-8878-D532483C63FB}.Release|Any CPU.Build.0 = Release|Any CPU
		{C581DFB4-F0C2-47AD-9092-7CA7966C8BA5}.Debug|Any CPU.ActiveCfg = Debug|Any CPU
		{C581DFB4-F0C2-47AD-9092-7CA7966C8BA5}.Debug|Any CPU.Build.0 = Debug|Any CPU
		{C581DFB4-F0C2-47AD-9092-7CA7966C8BA5}.Release|Any CPU.ActiveCfg = Release|Any CPU
		{C581DFB4-F0C2-47AD-9092-7CA7966C8BA5}.Release|Any CPU.Build.0 = Release|Any CPU
		{CA3A6BF0-1739-4E1D-BA65-A684F414E735}.Debug|Any CPU.ActiveCfg = Debug|Any CPU
		{CA3A6BF0-1739-4E1D-BA65-A684F414E735}.Debug|Any CPU.Build.0 = Debug|Any CPU
		{CA3A6BF0-1739-4E1D-BA65-A684F414E735}.Release|Any CPU.ActiveCfg = Release|Any CPU
		{CA3A6BF0-1739-4E1D-BA65-A684F414E735}.Release|Any CPU.Build.0 = Release|Any CPU
		{198A7F31-B809-4061-A026-E110FB34A723}.Debug|Any CPU.ActiveCfg = Debug|Any CPU
		{198A7F31-B809-4061-A026-E110FB34A723}.Debug|Any CPU.Build.0 = Debug|Any CPU
		{198A7F31-B809-4061-A026-E110FB34A723}.Release|Any CPU.ActiveCfg = Release|Any CPU
		{198A7F31-B809-4061-A026-E110FB34A723}.Release|Any CPU.Build.0 = Release|Any CPU
		{0DF91980-9F64-4998-B8F5-7FDBC060EA7A}.Debug|Any CPU.ActiveCfg = Debug|Any CPU
		{0DF91980-9F64-4998-B8F5-7FDBC060EA7A}.Debug|Any CPU.Build.0 = Debug|Any CPU
		{0DF91980-9F64-4998-B8F5-7FDBC060EA7A}.Release|Any CPU.ActiveCfg = Release|Any CPU
		{0DF91980-9F64-4998-B8F5-7FDBC060EA7A}.Release|Any CPU.Build.0 = Release|Any CPU
	EndGlobalSection
	GlobalSection(SolutionProperties) = preSolution
		HideSolutionNode = FALSE
	EndGlobalSection
	GlobalSection(NestedProjects) = preSolution
		{0DF91980-9F64-4998-B8F5-7FDBC060EA7A} = {313ACDAD-ABE5-4B54-ACC1-346D1CCF3458}
	EndGlobalSection
	GlobalSection(ExtensibilityGlobals) = postSolution
		SolutionGuid = {3898E46B-7675-4642-8E38-3D0E728EB85F}
	EndGlobalSection
EndGlobal
